# THIS IS AN AUTOGENERATED FILE. DO NOT EDIT THIS FILE DIRECTLY.
# yarn lockfile v1


bs-platform@^9.0.0:
  version "9.0.1"
  resolved "https://registry.yarnpkg.com/bs-platform/-/bs-platform-9.0.1.tgz#069dae007aadb400963cec25c8349ea1f3f6cae0"
  integrity sha512-RxUrwxVBCx9AiiyFIthZwfPn+tAn9noRHCb9xJK4Uw2deGxIytqyoWDepMbH35v7EpxX0OhfXL5RrjHTaXersA==

reason-react@^0.9.1:
  version "0.9.1"
  resolved "https://registry.yarnpkg.com/reason-react/-/reason-react-0.9.1.tgz#30a887158200b659aa03e2d75ff4cc54dc462bb0"
  integrity sha512-nlH0O2TDy9KzOLOW+vlEQk4ExHOeciyzFdoLcsmmiit6hx6H5+CVDrwJ+8aiaLT/kqK5xFOjy4PS7PftWz4plA==
